
Microsoft Visual Studio Solution File, Format Version 12.00
# Visual Studio Version 16
VisualStudioVersion = 16.0.30011.22
MinimumVisualStudioVersion = 10.0.40219.1
Project("{9A19103F-16F7-4668-BE54-9A1E7A4F7556}") = "Challenges", "Challenges401\Challenges.csproj", "{D460E31E-C838-4A82-85DF-C86623C23BED}"
EndProject
Project("{FAE04EC0-301F-11D3-BF4B-00C04F79EFBC}") = "Challenges.Tests", "Challenges.Tests\Challenges.Tests.csproj", "{80C1ABDC-E131-4035-9984-348ADC5746E5}"
EndProject
Global
	GlobalSection(SolutionConfigurationPlatforms) = preSolution
		Debug|Any CPU = Debug|Any CPU
		Release|Any CPU = Release|Any CPU
	EndGlobalSection
	GlobalSection(ProjectConfigurationPlatforms) = postSolution
		{D460E31E-C838-4A82-85DF-C86623C23BED}.Debug|Any CPU.ActiveCfg = Debug|Any CPU
		{D460E31E-C838-4A82-85DF-C86623C23BED}.Debug|Any CPU.Build.0 = Debug|Any CPU
		{D460E31E-C838-4A82-85DF-C86623C23BED}.Release|Any CPU.ActiveCfg = Release|Any CPU
		{D460E31E-C838-4A82-85DF-C86623C23BED}.Release|Any CPU.Build.0 = Release|Any CPU
		{80C1ABDC-E131-4035-9984-348ADC5746E5}.Debug|Any CPU.ActiveCfg = Debug|Any CPU
		{80C1ABDC-E131-4035-9984-348ADC5746E5}.Debug|Any CPU.Build.0 = Debug|Any CPU
		{80C1ABDC-E131-4035-9984-348ADC5746E5}.Release|Any CPU.ActiveCfg = Release|Any CPU
		{80C1ABDC-E131-4035-9984-348ADC5746E5}.Release|Any CPU.Build.0 = Release|Any CPU
	EndGlobalSection
	GlobalSection(SolutionProperties) = preSolution
		HideSolutionNode = FALSE
	EndGlobalSection
	GlobalSection(ExtensibilityGlobals) = postSolution
		SolutionGuid = {813D5F20-C4B7-40FB-9B0F-E9C34EAEF420}
	EndGlobalSection
EndGlobal
